
Microsoft Visual Studio Solution File, Format Version 12.00
# Visual Studio Version 17
VisualStudioVersion = 17.3.32825.248
MinimumVisualStudioVersion = 10.0.40219.1
Project("{FAE04EC0-301F-11D3-BF4B-00C04F79EFBC}") = "PraticaNovosClientes01", "PraticaNovosClientes01\PraticaNovosClientes01.csproj", "{2ADE710C-68EC-4A9E-BE83-07CF249B3D64}"
EndProject
Global
	GlobalSection(SolutionConfigurationPlatforms) = preSolution
		Debug|Any CPU = Debug|Any CPU
		Release|Any CPU = Release|Any CPU
	EndGlobalSection
	GlobalSection(ProjectConfigurationPlatforms) = postSolution
		{2ADE710C-68EC-4A9E-BE83-07CF249B3D64}.Debug|Any CPU.ActiveCfg = Debug|Any CPU
		{2ADE710C-68EC-4A9E-BE83-07CF249B3D64}.Debug|Any CPU.Build.0 = Debug|Any CPU
		{2ADE710C-68EC-4A9E-BE83-07CF249B3D64}.Release|Any CPU.ActiveCfg = Release|Any CPU
		{2ADE710C-68EC-4A9E-BE83-07CF249B3D64}.Release|Any CPU.Build.0 = Release|Any CPU
	EndGlobalSection
	GlobalSection(SolutionProperties) = preSolution
		HideSolutionNode = FALSE
	EndGlobalSection
	GlobalSection(ExtensibilityGlobals) = postSolution
		SolutionGuid = {CFA6E737-63AE-4442-9A7D-A8EC18F95AAC}
	EndGlobalSection
EndGlobal
